
Microsoft Visual Studio Solution File, Format Version 12.00
# Visual Studio Version 16
VisualStudioVersion = 16.0.30523.141
MinimumVisualStudioVersion = 10.0.40219.1
Project("{FAE04EC0-301F-11D3-BF4B-00C04F79EFBC}") = "BulkBookBuy", "BulkBookBuy\BulkBookBuy.csproj", "{141632F1-FD57-4EDD-96BD-E128C969727B}"
EndProject
Global
	GlobalSection(SolutionConfigurationPlatforms) = preSolution
		Debug|Any CPU = Debug|Any CPU
		Release|Any CPU = Release|Any CPU
	EndGlobalSection
	GlobalSection(ProjectConfigurationPlatforms) = postSolution
		{141632F1-FD57-4EDD-96BD-E128C969727B}.Debug|Any CPU.ActiveCfg = Debug|Any CPU
		{141632F1-FD57-4EDD-96BD-E128C969727B}.Debug|Any CPU.Build.0 = Debug|Any CPU
		{141632F1-FD57-4EDD-96BD-E128C969727B}.Release|Any CPU.ActiveCfg = Release|Any CPU
		{141632F1-FD57-4EDD-96BD-E128C969727B}.Release|Any CPU.Build.0 = Release|Any CPU
	EndGlobalSection
	GlobalSection(SolutionProperties) = preSolution
		HideSolutionNode = FALSE
	EndGlobalSection
	GlobalSection(ExtensibilityGlobals) = postSolution
		SolutionGuid = {D4B52EB9-0AC5-47B5-9DB7-A1482295E37B}
	EndGlobalSection
EndGlobal
