
Microsoft Visual Studio Solution File, Format Version 12.00
# Visual Studio Version 16
VisualStudioVersion = 16.0.30523.141
MinimumVisualStudioVersion = 10.0.40219.1
Project("{FAE04EC0-301F-11D3-BF4B-00C04F79EFBC}") = "BulkBookBuying", "BulkBookBuying\BulkBookBuying.csproj", "{850F82FF-3E5A-4D12-9937-2D72E24486BB}"
EndProject
Global
	GlobalSection(SolutionConfigurationPlatforms) = preSolution
		Debug|Any CPU = Debug|Any CPU
		Release|Any CPU = Release|Any CPU
	EndGlobalSection
	GlobalSection(ProjectConfigurationPlatforms) = postSolution
		{850F82FF-3E5A-4D12-9937-2D72E24486BB}.Debug|Any CPU.ActiveCfg = Debug|Any CPU
		{850F82FF-3E5A-4D12-9937-2D72E24486BB}.Debug|Any CPU.Build.0 = Debug|Any CPU
		{850F82FF-3E5A-4D12-9937-2D72E24486BB}.Release|Any CPU.ActiveCfg = Release|Any CPU
		{850F82FF-3E5A-4D12-9937-2D72E24486BB}.Release|Any CPU.Build.0 = Release|Any CPU
	EndGlobalSection
	GlobalSection(SolutionProperties) = preSolution
		HideSolutionNode = FALSE
	EndGlobalSection
	GlobalSection(ExtensibilityGlobals) = postSolution
		SolutionGuid = {59D0A2E9-B8F2-4BA6-A741-9139C43A23EA}
	EndGlobalSection
EndGlobal
